
Microsoft Visual Studio Solution File, Format Version 12.00
# Visual Studio Version 16
VisualStudioVersion = 16.0.30523.141
MinimumVisualStudioVersion = 10.0.40219.1
Project("{FAE04EC0-301F-11D3-BF4B-00C04F79EFBC}") = "Scorebord", "Scorebord\Scorebord.csproj", "{7A358E71-35A8-4CCB-8467-37FB6D7DA4FD}"
EndProject
Global
	GlobalSection(SolutionConfigurationPlatforms) = preSolution
		Debug|Any CPU = Debug|Any CPU
		Release|Any CPU = Release|Any CPU
	EndGlobalSection
	GlobalSection(ProjectConfigurationPlatforms) = postSolution
		{7A358E71-35A8-4CCB-8467-37FB6D7DA4FD}.Debug|Any CPU.ActiveCfg = Debug|Any CPU
		{7A358E71-35A8-4CCB-8467-37FB6D7DA4FD}.Debug|Any CPU.Build.0 = Debug|Any CPU
		{7A358E71-35A8-4CCB-8467-37FB6D7DA4FD}.Release|Any CPU.ActiveCfg = Release|Any CPU
		{7A358E71-35A8-4CCB-8467-37FB6D7DA4FD}.Release|Any CPU.Build.0 = Release|Any CPU
	EndGlobalSection
	GlobalSection(SolutionProperties) = preSolution
		HideSolutionNode = FALSE
	EndGlobalSection
	GlobalSection(ExtensibilityGlobals) = postSolution
		SolutionGuid = {6628D914-B462-436D-8842-9D9B0176C26C}
	EndGlobalSection
EndGlobal
